
Microsoft Visual Studio Solution File, Format Version 12.00
# Visual Studio 15
VisualStudioVersion = 15.0.26730.3
MinimumVisualStudioVersion = 10.0.40219.1
Project("{8BC9CEB8-8B4A-11D0-8D11-00A0C91BC942}") = "workbench", "vs\workbench\workbench.vcxproj", "{C259C7AA-2BC0-4052-BC71-FB736E5173D3}"
EndProject
Project("{8BC9CEB8-8B4A-11D0-8D11-00A0C91BC942}") = "glfw", "dep\glfw-3.2.1\glfw.vcxproj", "{DD49FFD2-B9AF-4884-AF10-7E4DBB4CF949}"
EndProject
Project("{8BC9CEB8-8B4A-11D0-8D11-00A0C91BC942}") = "glslang", "dep\glslang\glslang.vcxproj", "{D1BE33DC-7603-4B18-9A36-404BFA8A80FA}"
EndProject
Project("{8BC9CEB8-8B4A-11D0-8D11-00A0C91BC942}") = "SPIRV-Cross", "dep\SPIRV-Cross\SPIRV-Cross.vcxproj", "{BC591C12-3043-4761-A80A-D0ACFCD39D79}"
EndProject
Global
	GlobalSection(SolutionConfigurationPlatforms) = preSolution
		Debug|x64 = Debug|x64
		Debug|x86 = Debug|x86
		Release|x64 = Release|x64
		Release|x86 = Release|x86
	EndGlobalSection
	GlobalSection(ProjectConfigurationPlatforms) = postSolution
		{C259C7AA-2BC0-4052-BC71-FB736E5173D3}.Debug|x64.ActiveCfg = Debug|x64
		{C259C7AA-2BC0-4052-BC71-FB736E5173D3}.Debug|x64.Build.0 = Debug|x64
		{C259C7AA-2BC0-4052-BC71-FB736E5173D3}.Debug|x86.ActiveCfg = Debug|Win32
		{C259C7AA-2BC0-4052-BC71-FB736E5173D3}.Debug|x86.Build.0 = Debug|Win32
		{C259C7AA-2BC0-4052-BC71-FB736E5173D3}.Release|x64.ActiveCfg = Release|x64
		{C259C7AA-2BC0-4052-BC71-FB736E5173D3}.Release|x64.Build.0 = Release|x64
		{C259C7AA-2BC0-4052-BC71-FB736E5173D3}.Release|x86.ActiveCfg = Release|Win32
		{C259C7AA-2BC0-4052-BC71-FB736E5173D3}.Release|x86.Build.0 = Release|Win32
		{DD49FFD2-B9AF-4884-AF10-7E4DBB4CF949}.Debug|x64.ActiveCfg = Debug|x64
		{DD49FFD2-B9AF-4884-AF10-7E4DBB4CF949}.Debug|x64.Build.0 = Debug|x64
		{DD49FFD2-B9AF-4884-AF10-7E4DBB4CF949}.Debug|x86.ActiveCfg = Debug|Win32
		{DD49FFD2-B9AF-4884-AF10-7E4DBB4CF949}.Debug|x86.Build.0 = Debug|Win32
		{DD49FFD2-B9AF-4884-AF10-7E4DBB4CF949}.Release|x64.ActiveCfg = Release|x64
		{DD49FFD2-B9AF-4884-AF10-7E4DBB4CF949}.Release|x64.Build.0 = Release|x64
		{DD49FFD2-B9AF-4884-AF10-7E4DBB4CF949}.Release|x86.ActiveCfg = Release|Win32
		{DD49FFD2-B9AF-4884-AF10-7E4DBB4CF949}.Release|x86.Build.0 = Release|Win32
		{D1BE33DC-7603-4B18-9A36-404BFA8A80FA}.Debug|x64.ActiveCfg = Debug|x64
		{D1BE33DC-7603-4B18-9A36-404BFA8A80FA}.Debug|x64.Build.0 = Debug|x64
		{D1BE33DC-7603-4B18-9A36-404BFA8A80FA}.Debug|x86.ActiveCfg = Debug|Win32
		{D1BE33DC-7603-4B18-9A36-404BFA8A80FA}.Debug|x86.Build.0 = Debug|Win32
		{D1BE33DC-7603-4B18-9A36-404BFA8A80FA}.Release|x64.ActiveCfg = Release|x64
		{D1BE33DC-7603-4B18-9A36-404BFA8A80FA}.Release|x64.Build.0 = Release|x64
		{D1BE33DC-7603-4B18-9A36-404BFA8A80FA}.Release|x86.ActiveCfg = Release|Win32
		{D1BE33DC-7603-4B18-9A36-404BFA8A80FA}.Release|x86.Build.0 = Release|Win32
		{BC591C12-3043-4761-A80A-D0ACFCD39D79}.Debug|x64.ActiveCfg = Debug|x64
		{BC591C12-3043-4761-A80A-D0ACFCD39D79}.Debug|x64.Build.0 = Debug|x64
		{BC591C12-3043-4761-A80A-D0ACFCD39D79}.Debug|x86.ActiveCfg = Debug|Win32
		{BC591C12-3043-4761-A80A-D0ACFCD39D79}.Debug|x86.Build.0 = Debug|Win32
		{BC591C12-3043-4761-A80A-D0ACFCD39D79}.Release|x64.ActiveCfg = Release|x64
		{BC591C12-3043-4761-A80A-D0ACFCD39D79}.Release|x64.Build.0 = Release|x64
		{BC591C12-3043-4761-A80A-D0ACFCD39D79}.Release|x86.ActiveCfg = Release|Win32
		{BC591C12-3043-4761-A80A-D0ACFCD39D79}.Release|x86.Build.0 = Release|Win32
	EndGlobalSection
	GlobalSection(SolutionProperties) = preSolution
		HideSolutionNode = FALSE
	EndGlobalSection
	GlobalSection(ExtensibilityGlobals) = postSolution
		SolutionGuid = {BA05DCD5-82EA-4A15-821C-9CED95095DA8}
	EndGlobalSection
EndGlobal
