
Microsoft Visual Studio Solution File, Format Version 12.00
# Visual Studio 15
VisualStudioVersion = 15.0.26730.3
MinimumVisualStudioVersion = 10.0.40219.1
Project("{8BC9CEB8-8B4A-11D0-8D11-00A0C91BC942}") = "glfw", "dep\glfw-3.2.1\glfw.vcxproj", "{DD49FFD2-B9AF-4884-AF10-7E4DBB4CF949}"
EndProject
Project("{8BC9CEB8-8B4A-11D0-8D11-00A0C91BC942}") = "glslang", "dep\glslang\glslang.vcxproj", "{D1BE33DC-7603-4B18-9A36-404BFA8A80FA}"
EndProject
Project("{8BC9CEB8-8B4A-11D0-8D11-00A0C91BC942}") = "SPIRV-Cross", "dep\SPIRV-Cross\SPIRV-Cross.vcxproj", "{BC591C12-3043-4761-A80A-D0ACFCD39D79}"
EndProject
Project("{8BC9CEB8-8B4A-11D0-8D11-00A0C91BC942}") = "engine", "vs\engine\engine.vcxproj", "{3FFA51C8-DE41-4AF3-AAF7-5F09F6BE750A}"
EndProject
Project("{2150E333-8FDC-42A3-9474-1A3956D46DE8}") = "dep", "dep", "{8B7B1207-D104-462C-8131-26E1D5C51EA3}"
EndProject
Project("{2150E333-8FDC-42A3-9474-1A3956D46DE8}") = "lib", "lib", "{76FBE4AD-EFD7-408B-A764-3E2641016A2F}"
EndProject
Project("{2150E333-8FDC-42A3-9474-1A3956D46DE8}") = "apps", "apps", "{7DE75E0D-FA7D-4A22-B1B6-BE75D4D9E0BB}"
EndProject
Project("{8BC9CEB8-8B4A-11D0-8D11-00A0C91BC942}") = "test-rhi", "vs\test-rhi\test-rhi.vcxproj", "{86083C63-3B67-4E2A-A4AA-2BDBFB117F02}"
EndProject
Project("{8BC9CEB8-8B4A-11D0-8D11-00A0C91BC942}") = "test-pbr", "vs\test-pbr\test-pbr.vcxproj", "{D0DB0790-A76F-4EF2-B7DA-286F4DCA613B}"
EndProject
Project("{8BC9CEB8-8B4A-11D0-8D11-00A0C91BC942}") = "test-gui", "vs\test-gui\test-gui.vcxproj", "{7657EC56-BAB1-4EE1-B189-5EEBBC880AA2}"
EndProject
Global
	GlobalSection(SolutionConfigurationPlatforms) = preSolution
		Debug|x64 = Debug|x64
		Debug|x86 = Debug|x86
		Release|x64 = Release|x64
		Release|x86 = Release|x86
	EndGlobalSection
	GlobalSection(ProjectConfigurationPlatforms) = postSolution
		{DD49FFD2-B9AF-4884-AF10-7E4DBB4CF949}.Debug|x64.ActiveCfg = Debug|x64
		{DD49FFD2-B9AF-4884-AF10-7E4DBB4CF949}.Debug|x64.Build.0 = Debug|x64
		{DD49FFD2-B9AF-4884-AF10-7E4DBB4CF949}.Debug|x86.ActiveCfg = Debug|Win32
		{DD49FFD2-B9AF-4884-AF10-7E4DBB4CF949}.Debug|x86.Build.0 = Debug|Win32
		{DD49FFD2-B9AF-4884-AF10-7E4DBB4CF949}.Release|x64.ActiveCfg = Release|x64
		{DD49FFD2-B9AF-4884-AF10-7E4DBB4CF949}.Release|x64.Build.0 = Release|x64
		{DD49FFD2-B9AF-4884-AF10-7E4DBB4CF949}.Release|x86.ActiveCfg = Release|Win32
		{DD49FFD2-B9AF-4884-AF10-7E4DBB4CF949}.Release|x86.Build.0 = Release|Win32
		{D1BE33DC-7603-4B18-9A36-404BFA8A80FA}.Debug|x64.ActiveCfg = Debug|x64
		{D1BE33DC-7603-4B18-9A36-404BFA8A80FA}.Debug|x64.Build.0 = Debug|x64
		{D1BE33DC-7603-4B18-9A36-404BFA8A80FA}.Debug|x86.ActiveCfg = Debug|Win32
		{D1BE33DC-7603-4B18-9A36-404BFA8A80FA}.Debug|x86.Build.0 = Debug|Win32
		{D1BE33DC-7603-4B18-9A36-404BFA8A80FA}.Release|x64.ActiveCfg = Release|x64
		{D1BE33DC-7603-4B18-9A36-404BFA8A80FA}.Release|x64.Build.0 = Release|x64
		{D1BE33DC-7603-4B18-9A36-404BFA8A80FA}.Release|x86.ActiveCfg = Release|Win32
		{D1BE33DC-7603-4B18-9A36-404BFA8A80FA}.Release|x86.Build.0 = Release|Win32
		{BC591C12-3043-4761-A80A-D0ACFCD39D79}.Debug|x64.ActiveCfg = Debug|x64
		{BC591C12-3043-4761-A80A-D0ACFCD39D79}.Debug|x64.Build.0 = Debug|x64
		{BC591C12-3043-4761-A80A-D0ACFCD39D79}.Debug|x86.ActiveCfg = Debug|Win32
		{BC591C12-3043-4761-A80A-D0ACFCD39D79}.Debug|x86.Build.0 = Debug|Win32
		{BC591C12-3043-4761-A80A-D0ACFCD39D79}.Release|x64.ActiveCfg = Release|x64
		{BC591C12-3043-4761-A80A-D0ACFCD39D79}.Release|x64.Build.0 = Release|x64
		{BC591C12-3043-4761-A80A-D0ACFCD39D79}.Release|x86.ActiveCfg = Release|Win32
		{BC591C12-3043-4761-A80A-D0ACFCD39D79}.Release|x86.Build.0 = Release|Win32
		{3FFA51C8-DE41-4AF3-AAF7-5F09F6BE750A}.Debug|x64.ActiveCfg = Debug|x64
		{3FFA51C8-DE41-4AF3-AAF7-5F09F6BE750A}.Debug|x64.Build.0 = Debug|x64
		{3FFA51C8-DE41-4AF3-AAF7-5F09F6BE750A}.Debug|x86.ActiveCfg = Debug|Win32
		{3FFA51C8-DE41-4AF3-AAF7-5F09F6BE750A}.Debug|x86.Build.0 = Debug|Win32
		{3FFA51C8-DE41-4AF3-AAF7-5F09F6BE750A}.Release|x64.ActiveCfg = Release|x64
		{3FFA51C8-DE41-4AF3-AAF7-5F09F6BE750A}.Release|x64.Build.0 = Release|x64
		{3FFA51C8-DE41-4AF3-AAF7-5F09F6BE750A}.Release|x86.ActiveCfg = Release|Win32
		{3FFA51C8-DE41-4AF3-AAF7-5F09F6BE750A}.Release|x86.Build.0 = Release|Win32
		{86083C63-3B67-4E2A-A4AA-2BDBFB117F02}.Debug|x64.ActiveCfg = Debug|x64
		{86083C63-3B67-4E2A-A4AA-2BDBFB117F02}.Debug|x64.Build.0 = Debug|x64
		{86083C63-3B67-4E2A-A4AA-2BDBFB117F02}.Debug|x86.ActiveCfg = Debug|Win32
		{86083C63-3B67-4E2A-A4AA-2BDBFB117F02}.Debug|x86.Build.0 = Debug|Win32
		{86083C63-3B67-4E2A-A4AA-2BDBFB117F02}.Release|x64.ActiveCfg = Release|x64
		{86083C63-3B67-4E2A-A4AA-2BDBFB117F02}.Release|x64.Build.0 = Release|x64
		{86083C63-3B67-4E2A-A4AA-2BDBFB117F02}.Release|x86.ActiveCfg = Release|Win32
		{86083C63-3B67-4E2A-A4AA-2BDBFB117F02}.Release|x86.Build.0 = Release|Win32
		{D0DB0790-A76F-4EF2-B7DA-286F4DCA613B}.Debug|x64.ActiveCfg = Debug|x64
		{D0DB0790-A76F-4EF2-B7DA-286F4DCA613B}.Debug|x64.Build.0 = Debug|x64
		{D0DB0790-A76F-4EF2-B7DA-286F4DCA613B}.Debug|x86.ActiveCfg = Debug|Win32
		{D0DB0790-A76F-4EF2-B7DA-286F4DCA613B}.Debug|x86.Build.0 = Debug|Win32
		{D0DB0790-A76F-4EF2-B7DA-286F4DCA613B}.Release|x64.ActiveCfg = Release|x64
		{D0DB0790-A76F-4EF2-B7DA-286F4DCA613B}.Release|x64.Build.0 = Release|x64
		{D0DB0790-A76F-4EF2-B7DA-286F4DCA613B}.Release|x86.ActiveCfg = Release|Win32
		{D0DB0790-A76F-4EF2-B7DA-286F4DCA613B}.Release|x86.Build.0 = Release|Win32
		{7657EC56-BAB1-4EE1-B189-5EEBBC880AA2}.Debug|x64.ActiveCfg = Debug|x64
		{7657EC56-BAB1-4EE1-B189-5EEBBC880AA2}.Debug|x64.Build.0 = Debug|x64
		{7657EC56-BAB1-4EE1-B189-5EEBBC880AA2}.Debug|x86.ActiveCfg = Debug|Win32
		{7657EC56-BAB1-4EE1-B189-5EEBBC880AA2}.Debug|x86.Build.0 = Debug|Win32
		{7657EC56-BAB1-4EE1-B189-5EEBBC880AA2}.Release|x64.ActiveCfg = Release|x64
		{7657EC56-BAB1-4EE1-B189-5EEBBC880AA2}.Release|x64.Build.0 = Release|x64
		{7657EC56-BAB1-4EE1-B189-5EEBBC880AA2}.Release|x86.ActiveCfg = Release|Win32
		{7657EC56-BAB1-4EE1-B189-5EEBBC880AA2}.Release|x86.Build.0 = Release|Win32
	EndGlobalSection
	GlobalSection(SolutionProperties) = preSolution
		HideSolutionNode = FALSE
	EndGlobalSection
	GlobalSection(NestedProjects) = preSolution
		{DD49FFD2-B9AF-4884-AF10-7E4DBB4CF949} = {8B7B1207-D104-462C-8131-26E1D5C51EA3}
		{D1BE33DC-7603-4B18-9A36-404BFA8A80FA} = {8B7B1207-D104-462C-8131-26E1D5C51EA3}
		{BC591C12-3043-4761-A80A-D0ACFCD39D79} = {8B7B1207-D104-462C-8131-26E1D5C51EA3}
		{3FFA51C8-DE41-4AF3-AAF7-5F09F6BE750A} = {76FBE4AD-EFD7-408B-A764-3E2641016A2F}
		{86083C63-3B67-4E2A-A4AA-2BDBFB117F02} = {7DE75E0D-FA7D-4A22-B1B6-BE75D4D9E0BB}
		{D0DB0790-A76F-4EF2-B7DA-286F4DCA613B} = {7DE75E0D-FA7D-4A22-B1B6-BE75D4D9E0BB}
		{7657EC56-BAB1-4EE1-B189-5EEBBC880AA2} = {7DE75E0D-FA7D-4A22-B1B6-BE75D4D9E0BB}
	EndGlobalSection
	GlobalSection(ExtensibilityGlobals) = postSolution
		SolutionGuid = {BA05DCD5-82EA-4A15-821C-9CED95095DA8}
	EndGlobalSection
EndGlobal
