
Microsoft Visual Studio Solution File, Format Version 12.00
# Visual Studio 15
VisualStudioVersion = 15.0.26730.3
MinimumVisualStudioVersion = 10.0.40219.1
Project("{8BC9CEB8-8B4A-11D0-8D11-00A0C91BC942}") = "glfw", "dep\glfw-3.2.1\glfw.vcxproj", "{DD49FFD2-B9AF-4884-AF10-7E4DBB4CF949}"
EndProject
Project("{8BC9CEB8-8B4A-11D0-8D11-00A0C91BC942}") = "glslang", "dep\glslang\glslang.vcxproj", "{D1BE33DC-7603-4B18-9A36-404BFA8A80FA}"
EndProject
Project("{8BC9CEB8-8B4A-11D0-8D11-00A0C91BC942}") = "SPIRV-Cross", "dep\SPIRV-Cross\SPIRV-Cross.vcxproj", "{BC591C12-3043-4761-A80A-D0ACFCD39D79}"
EndProject
Project("{8BC9CEB8-8B4A-11D0-8D11-00A0C91BC942}") = "engine", "vs\engine\engine.vcxproj", "{3FFA51C8-DE41-4AF3-AAF7-5F09F6BE750A}"
EndProject
Project("{2150E333-8FDC-42A3-9474-1A3956D46DE8}") = "dep", "dep", "{8B7B1207-D104-462C-8131-26E1D5C51EA3}"
EndProject
Project("{2150E333-8FDC-42A3-9474-1A3956D46DE8}") = "lib", "lib", "{76FBE4AD-EFD7-408B-A764-3E2641016A2F}"
EndProject
Project("{2150E333-8FDC-42A3-9474-1A3956D46DE8}") = "apps", "apps", "{7DE75E0D-FA7D-4A22-B1B6-BE75D4D9E0BB}"
EndProject
Project("{8BC9CEB8-8B4A-11D0-8D11-00A0C91BC942}") = "test-rhi", "vs\test-rhi\test-rhi.vcxproj", "{86083C63-3B67-4E2A-A4AA-2BDBFB117F02}"
EndProject
Project("{8BC9CEB8-8B4A-11D0-8D11-00A0C91BC942}") = "test-pbr", "vs\test-pbr\test-pbr.vcxproj", "{D0DB0790-A76F-4EF2-B7DA-286F4DCA613B}"
EndProject
Project("{8BC9CEB8-8B4A-11D0-8D11-00A0C91BC942}") = "all-tests", "vs\all-tests\all-tests.vcxproj", "{99106F8B-A603-44A3-9AD3-1B991F5EF1D5}"
EndProject
Project("{8BC9CEB8-8B4A-11D0-8D11-00A0C91BC942}") = "scene-editor", "vs\scene-editor\scene-editor.vcxproj", "{A1F24206-1CFB-4A08-9605-433C01F7D8E3}"
EndProject
Project("{8BC9CEB8-8B4A-11D0-8D11-00A0C91BC942}") = "graph-editor", "vs\graph-editor\graph-editor.vcxproj", "{49E74213-0E94-4B0B-BE73-1DB8B49E27A1}"
EndProject
Project("{2150E333-8FDC-42A3-9474-1A3956D46DE8}") = "shaders", "shaders", "{4EF81B37-C60C-4050-BDAB-010509AE9FB1}"
	ProjectSection(SolutionItems) = preProject
		assets\bumped-pbr.frag = assets\bumped-pbr.frag
		assets\colored-pbr.frag = assets\colored-pbr.frag
		assets\colored-unlit.frag = assets\colored-unlit.frag
		assets\skybox.frag = assets\skybox.frag
		assets\skybox.vert = assets\skybox.vert
		assets\static-mesh.vert = assets\static-mesh.vert
		assets\textured-pbr.frag = assets\textured-pbr.frag
	EndProjectSection
EndProject
Project("{2150E333-8FDC-42A3-9474-1A3956D46DE8}") = "standard", "standard", "{F53A9D50-8CB2-4DF0-A1CD-6AC1C1B489F4}"
	ProjectSection(SolutionItems) = preProject
		assets\standard\compute-brdf-integral-image.frag = assets\standard\compute-brdf-integral-image.frag
		assets\standard\compute-irradiance-cubemap.frag = assets\standard\compute-irradiance-cubemap.frag
		assets\standard\compute-reflectance-cubemap.frag = assets\standard\compute-reflectance-cubemap.frag
		assets\standard\copy-cubemap-from-spheremap.frag = assets\standard\copy-cubemap-from-spheremap.frag
		assets\standard\pbr.glsl = assets\standard\pbr.glsl
		assets\standard\preamble.glsl = assets\standard\preamble.glsl
		assets\standard\render-cubemap.vert = assets\standard\render-cubemap.vert
		assets\standard\render-image.vert = assets\standard\render-image.vert
	EndProjectSection
EndProject
Project("{2150E333-8FDC-42A3-9474-1A3956D46DE8}") = "ui", "ui", "{C5F5A7E6-A5AE-44BA-9A10-11D605A316CF}"
	ProjectSection(SolutionItems) = preProject
		assets\standard\gui\ui.frag = assets\standard\gui\ui.frag
		assets\standard\gui\ui.vert = assets\standard\gui\ui.vert
	EndProjectSection
EndProject
Global
	GlobalSection(SolutionConfigurationPlatforms) = preSolution
		Debug|x64 = Debug|x64
		Debug|x86 = Debug|x86
		Release|x64 = Release|x64
		Release|x86 = Release|x86
	EndGlobalSection
	GlobalSection(ProjectConfigurationPlatforms) = postSolution
		{DD49FFD2-B9AF-4884-AF10-7E4DBB4CF949}.Debug|x64.ActiveCfg = Debug|x64
		{DD49FFD2-B9AF-4884-AF10-7E4DBB4CF949}.Debug|x64.Build.0 = Debug|x64
		{DD49FFD2-B9AF-4884-AF10-7E4DBB4CF949}.Debug|x86.ActiveCfg = Debug|Win32
		{DD49FFD2-B9AF-4884-AF10-7E4DBB4CF949}.Debug|x86.Build.0 = Debug|Win32
		{DD49FFD2-B9AF-4884-AF10-7E4DBB4CF949}.Release|x64.ActiveCfg = Release|x64
		{DD49FFD2-B9AF-4884-AF10-7E4DBB4CF949}.Release|x64.Build.0 = Release|x64
		{DD49FFD2-B9AF-4884-AF10-7E4DBB4CF949}.Release|x86.ActiveCfg = Release|Win32
		{DD49FFD2-B9AF-4884-AF10-7E4DBB4CF949}.Release|x86.Build.0 = Release|Win32
		{D1BE33DC-7603-4B18-9A36-404BFA8A80FA}.Debug|x64.ActiveCfg = Debug|x64
		{D1BE33DC-7603-4B18-9A36-404BFA8A80FA}.Debug|x64.Build.0 = Debug|x64
		{D1BE33DC-7603-4B18-9A36-404BFA8A80FA}.Debug|x86.ActiveCfg = Debug|Win32
		{D1BE33DC-7603-4B18-9A36-404BFA8A80FA}.Debug|x86.Build.0 = Debug|Win32
		{D1BE33DC-7603-4B18-9A36-404BFA8A80FA}.Release|x64.ActiveCfg = Release|x64
		{D1BE33DC-7603-4B18-9A36-404BFA8A80FA}.Release|x64.Build.0 = Release|x64
		{D1BE33DC-7603-4B18-9A36-404BFA8A80FA}.Release|x86.ActiveCfg = Release|Win32
		{D1BE33DC-7603-4B18-9A36-404BFA8A80FA}.Release|x86.Build.0 = Release|Win32
		{BC591C12-3043-4761-A80A-D0ACFCD39D79}.Debug|x64.ActiveCfg = Debug|x64
		{BC591C12-3043-4761-A80A-D0ACFCD39D79}.Debug|x64.Build.0 = Debug|x64
		{BC591C12-3043-4761-A80A-D0ACFCD39D79}.Debug|x86.ActiveCfg = Debug|Win32
		{BC591C12-3043-4761-A80A-D0ACFCD39D79}.Debug|x86.Build.0 = Debug|Win32
		{BC591C12-3043-4761-A80A-D0ACFCD39D79}.Release|x64.ActiveCfg = Release|x64
		{BC591C12-3043-4761-A80A-D0ACFCD39D79}.Release|x64.Build.0 = Release|x64
		{BC591C12-3043-4761-A80A-D0ACFCD39D79}.Release|x86.ActiveCfg = Release|Win32
		{BC591C12-3043-4761-A80A-D0ACFCD39D79}.Release|x86.Build.0 = Release|Win32
		{3FFA51C8-DE41-4AF3-AAF7-5F09F6BE750A}.Debug|x64.ActiveCfg = Debug|x64
		{3FFA51C8-DE41-4AF3-AAF7-5F09F6BE750A}.Debug|x64.Build.0 = Debug|x64
		{3FFA51C8-DE41-4AF3-AAF7-5F09F6BE750A}.Debug|x86.ActiveCfg = Debug|Win32
		{3FFA51C8-DE41-4AF3-AAF7-5F09F6BE750A}.Debug|x86.Build.0 = Debug|Win32
		{3FFA51C8-DE41-4AF3-AAF7-5F09F6BE750A}.Release|x64.ActiveCfg = Release|x64
		{3FFA51C8-DE41-4AF3-AAF7-5F09F6BE750A}.Release|x64.Build.0 = Release|x64
		{3FFA51C8-DE41-4AF3-AAF7-5F09F6BE750A}.Release|x86.ActiveCfg = Release|Win32
		{3FFA51C8-DE41-4AF3-AAF7-5F09F6BE750A}.Release|x86.Build.0 = Release|Win32
		{86083C63-3B67-4E2A-A4AA-2BDBFB117F02}.Debug|x64.ActiveCfg = Debug|x64
		{86083C63-3B67-4E2A-A4AA-2BDBFB117F02}.Debug|x64.Build.0 = Debug|x64
		{86083C63-3B67-4E2A-A4AA-2BDBFB117F02}.Debug|x86.ActiveCfg = Debug|Win32
		{86083C63-3B67-4E2A-A4AA-2BDBFB117F02}.Debug|x86.Build.0 = Debug|Win32
		{86083C63-3B67-4E2A-A4AA-2BDBFB117F02}.Release|x64.ActiveCfg = Release|x64
		{86083C63-3B67-4E2A-A4AA-2BDBFB117F02}.Release|x64.Build.0 = Release|x64
		{86083C63-3B67-4E2A-A4AA-2BDBFB117F02}.Release|x86.ActiveCfg = Release|Win32
		{86083C63-3B67-4E2A-A4AA-2BDBFB117F02}.Release|x86.Build.0 = Release|Win32
		{D0DB0790-A76F-4EF2-B7DA-286F4DCA613B}.Debug|x64.ActiveCfg = Debug|x64
		{D0DB0790-A76F-4EF2-B7DA-286F4DCA613B}.Debug|x64.Build.0 = Debug|x64
		{D0DB0790-A76F-4EF2-B7DA-286F4DCA613B}.Debug|x86.ActiveCfg = Debug|Win32
		{D0DB0790-A76F-4EF2-B7DA-286F4DCA613B}.Debug|x86.Build.0 = Debug|Win32
		{D0DB0790-A76F-4EF2-B7DA-286F4DCA613B}.Release|x64.ActiveCfg = Release|x64
		{D0DB0790-A76F-4EF2-B7DA-286F4DCA613B}.Release|x64.Build.0 = Release|x64
		{D0DB0790-A76F-4EF2-B7DA-286F4DCA613B}.Release|x86.ActiveCfg = Release|Win32
		{D0DB0790-A76F-4EF2-B7DA-286F4DCA613B}.Release|x86.Build.0 = Release|Win32
		{99106F8B-A603-44A3-9AD3-1B991F5EF1D5}.Debug|x64.ActiveCfg = Debug|x64
		{99106F8B-A603-44A3-9AD3-1B991F5EF1D5}.Debug|x64.Build.0 = Debug|x64
		{99106F8B-A603-44A3-9AD3-1B991F5EF1D5}.Debug|x86.ActiveCfg = Debug|Win32
		{99106F8B-A603-44A3-9AD3-1B991F5EF1D5}.Debug|x86.Build.0 = Debug|Win32
		{99106F8B-A603-44A3-9AD3-1B991F5EF1D5}.Release|x64.ActiveCfg = Release|x64
		{99106F8B-A603-44A3-9AD3-1B991F5EF1D5}.Release|x64.Build.0 = Release|x64
		{99106F8B-A603-44A3-9AD3-1B991F5EF1D5}.Release|x86.ActiveCfg = Release|Win32
		{99106F8B-A603-44A3-9AD3-1B991F5EF1D5}.Release|x86.Build.0 = Release|Win32
		{A1F24206-1CFB-4A08-9605-433C01F7D8E3}.Debug|x64.ActiveCfg = Debug|x64
		{A1F24206-1CFB-4A08-9605-433C01F7D8E3}.Debug|x64.Build.0 = Debug|x64
		{A1F24206-1CFB-4A08-9605-433C01F7D8E3}.Debug|x86.ActiveCfg = Debug|Win32
		{A1F24206-1CFB-4A08-9605-433C01F7D8E3}.Debug|x86.Build.0 = Debug|Win32
		{A1F24206-1CFB-4A08-9605-433C01F7D8E3}.Release|x64.ActiveCfg = Release|x64
		{A1F24206-1CFB-4A08-9605-433C01F7D8E3}.Release|x64.Build.0 = Release|x64
		{A1F24206-1CFB-4A08-9605-433C01F7D8E3}.Release|x86.ActiveCfg = Release|Win32
		{A1F24206-1CFB-4A08-9605-433C01F7D8E3}.Release|x86.Build.0 = Release|Win32
		{49E74213-0E94-4B0B-BE73-1DB8B49E27A1}.Debug|x64.ActiveCfg = Debug|x64
		{49E74213-0E94-4B0B-BE73-1DB8B49E27A1}.Debug|x64.Build.0 = Debug|x64
		{49E74213-0E94-4B0B-BE73-1DB8B49E27A1}.Debug|x86.ActiveCfg = Debug|Win32
		{49E74213-0E94-4B0B-BE73-1DB8B49E27A1}.Debug|x86.Build.0 = Debug|Win32
		{49E74213-0E94-4B0B-BE73-1DB8B49E27A1}.Release|x64.ActiveCfg = Release|x64
		{49E74213-0E94-4B0B-BE73-1DB8B49E27A1}.Release|x64.Build.0 = Release|x64
		{49E74213-0E94-4B0B-BE73-1DB8B49E27A1}.Release|x86.ActiveCfg = Release|Win32
		{49E74213-0E94-4B0B-BE73-1DB8B49E27A1}.Release|x86.Build.0 = Release|Win32
	EndGlobalSection
	GlobalSection(SolutionProperties) = preSolution
		HideSolutionNode = FALSE
	EndGlobalSection
	GlobalSection(NestedProjects) = preSolution
		{DD49FFD2-B9AF-4884-AF10-7E4DBB4CF949} = {8B7B1207-D104-462C-8131-26E1D5C51EA3}
		{D1BE33DC-7603-4B18-9A36-404BFA8A80FA} = {8B7B1207-D104-462C-8131-26E1D5C51EA3}
		{BC591C12-3043-4761-A80A-D0ACFCD39D79} = {8B7B1207-D104-462C-8131-26E1D5C51EA3}
		{3FFA51C8-DE41-4AF3-AAF7-5F09F6BE750A} = {76FBE4AD-EFD7-408B-A764-3E2641016A2F}
		{86083C63-3B67-4E2A-A4AA-2BDBFB117F02} = {7DE75E0D-FA7D-4A22-B1B6-BE75D4D9E0BB}
		{D0DB0790-A76F-4EF2-B7DA-286F4DCA613B} = {7DE75E0D-FA7D-4A22-B1B6-BE75D4D9E0BB}
		{99106F8B-A603-44A3-9AD3-1B991F5EF1D5} = {7DE75E0D-FA7D-4A22-B1B6-BE75D4D9E0BB}
		{A1F24206-1CFB-4A08-9605-433C01F7D8E3} = {7DE75E0D-FA7D-4A22-B1B6-BE75D4D9E0BB}
		{49E74213-0E94-4B0B-BE73-1DB8B49E27A1} = {7DE75E0D-FA7D-4A22-B1B6-BE75D4D9E0BB}
		{F53A9D50-8CB2-4DF0-A1CD-6AC1C1B489F4} = {4EF81B37-C60C-4050-BDAB-010509AE9FB1}
		{C5F5A7E6-A5AE-44BA-9A10-11D605A316CF} = {F53A9D50-8CB2-4DF0-A1CD-6AC1C1B489F4}
	EndGlobalSection
	GlobalSection(ExtensibilityGlobals) = postSolution
		SolutionGuid = {BA05DCD5-82EA-4A15-821C-9CED95095DA8}
	EndGlobalSection
EndGlobal
