<?xml version="1.0" encoding="utf-8"?>
<Project ToolsVersion="4.0" xmlns="http://schemas.microsoft.com/developer/msbuild/2003">
  <ItemGroup>
    <ClCompile Include="..\..\dep\glad\src\glad.c">
      <Filter>3rdparty\glad</Filter>
    </ClCompile>
    <ClCompile Include="..\..\src\rhi\rhi-d3d11.cpp">
      <Filter>src\rhi</Filter>
    </ClCompile>
    <ClCompile Include="..\..\src\rhi\rhi-internal.cpp">
      <Filter>src\rhi</Filter>
    </ClCompile>
    <ClCompile Include="..\..\src\rhi\rhi-opengl.cpp">
      <Filter>src\rhi</Filter>
    </ClCompile>
    <ClCompile Include="..\..\src\rhi\rhi-vulkan.cpp">
      <Filter>src\rhi</Filter>
    </ClCompile>
    <ClCompile Include="..\..\src\core.cpp">
      <Filter>src</Filter>
    </ClCompile>
    <ClCompile Include="..\..\src\geometry.cpp">
      <Filter>src</Filter>
    </ClCompile>
    <ClCompile Include="..\..\src\main.cpp">
      <Filter>src</Filter>
    </ClCompile>
    <ClCompile Include="..\..\src\graphics.cpp">
      <Filter>src\gfx</Filter>
    </ClCompile>
    <ClCompile Include="..\..\src\pbr.cpp">
      <Filter>src\gfx</Filter>
    </ClCompile>
    <ClCompile Include="..\..\src\shader.cpp">
      <Filter>src\gfx</Filter>
    </ClCompile>
    <ClCompile Include="..\..\src\load.cpp">
      <Filter>src</Filter>
    </ClCompile>
  </ItemGroup>
  <ItemGroup>
    <ClInclude Include="..\..\src\rhi\rhi-internal.h">
      <Filter>src\rhi</Filter>
    </ClInclude>
    <ClInclude Include="..\..\src\test.h" />
    <ClInclude Include="..\..\src\core.h">
      <Filter>src</Filter>
    </ClInclude>
    <ClInclude Include="..\..\src\geometry.h">
      <Filter>src</Filter>
    </ClInclude>
    <ClInclude Include="..\..\src\rhi.h">
      <Filter>src</Filter>
    </ClInclude>
    <ClInclude Include="..\..\src\graphics.h">
      <Filter>src\gfx</Filter>
    </ClInclude>
    <ClInclude Include="..\..\src\pbr.h">
      <Filter>src\gfx</Filter>
    </ClInclude>
    <ClInclude Include="..\..\src\shader.h">
      <Filter>src\gfx</Filter>
    </ClInclude>
    <ClInclude Include="..\..\src\load.h">
      <Filter>src</Filter>
    </ClInclude>
  </ItemGroup>
  <ItemGroup>
    <Filter Include="shaders">
      <UniqueIdentifier>{616698e6-7743-4953-8c2a-c3527aed0d7e}</UniqueIdentifier>
    </Filter>
    <Filter Include="3rdparty">
      <UniqueIdentifier>{cddde155-e6d3-4516-985f-02d56c144396}</UniqueIdentifier>
    </Filter>
    <Filter Include="3rdparty\glad">
      <UniqueIdentifier>{d5939173-98cf-4fb1-bfc9-155b8bc13f93}</UniqueIdentifier>
    </Filter>
    <Filter Include="src">
      <UniqueIdentifier>{f8cececb-858b-4f0c-ada8-5eb513b63c1a}</UniqueIdentifier>
    </Filter>
    <Filter Include="src\gfx">
      <UniqueIdentifier>{0672f2b7-878c-4227-a27c-3df4e9260252}</UniqueIdentifier>
    </Filter>
    <Filter Include="src\rhi">
      <UniqueIdentifier>{f8f04ceb-4a3a-4b67-a3b6-e03351c46ac7}</UniqueIdentifier>
    </Filter>
  </ItemGroup>
  <ItemGroup>
    <None Include="..\..\src\rhi\rhi-format.inl">
      <Filter>src\rhi</Filter>
    </None>
    <None Include="..\..\assets\colored-unlit.frag">
      <Filter>shaders</Filter>
    </None>
    <None Include="..\..\assets\compute-brdf-integral-image.frag">
      <Filter>shaders</Filter>
    </None>
    <None Include="..\..\assets\compute-irradiance-cubemap.frag">
      <Filter>shaders</Filter>
    </None>
    <None Include="..\..\assets\compute-reflectance-cubemap.frag">
      <Filter>shaders</Filter>
    </None>
    <None Include="..\..\assets\copy-cubemap-from-spheremap.frag">
      <Filter>shaders</Filter>
    </None>
    <None Include="..\..\assets\pbr.glsl">
      <Filter>shaders</Filter>
    </None>
    <None Include="..\..\assets\preamble.glsl">
      <Filter>shaders</Filter>
    </None>
    <None Include="..\..\assets\render-cubemap.vert">
      <Filter>shaders</Filter>
    </None>
    <None Include="..\..\assets\render-image.vert">
      <Filter>shaders</Filter>
    </None>
    <None Include="..\..\assets\skybox.frag">
      <Filter>shaders</Filter>
    </None>
    <None Include="..\..\assets\skybox.vert">
      <Filter>shaders</Filter>
    </None>
    <None Include="..\..\assets\static-mesh.vert">
      <Filter>shaders</Filter>
    </None>
    <None Include="..\..\assets\textured-pbr.frag">
      <Filter>shaders</Filter>
    </None>
  </ItemGroup>
</Project>