<?xml version="1.0" encoding="utf-8"?>
<Project ToolsVersion="4.0" xmlns="http://schemas.microsoft.com/developer/msbuild/2003">
  <ItemGroup>
    <ClCompile Include="..\..\src\main.cpp" />
    <ClCompile Include="..\..\src\io.cpp" />
    <ClCompile Include="..\..\src\geometry.cpp" />
    <ClCompile Include="..\..\src\shader.cpp" />
    <ClCompile Include="..\..\src\rhi-opengl.cpp" />
    <ClCompile Include="..\..\src\rhi-d3d11.cpp" />
    <ClCompile Include="..\..\dep\glad\src\glad.c">
      <Filter>glad</Filter>
    </ClCompile>
  </ItemGroup>
  <ItemGroup>
    <ClInclude Include="..\..\src\io.h" />
    <ClInclude Include="..\..\src\geometry.h" />
    <ClInclude Include="..\..\src\rhi.h" />
    <ClInclude Include="..\..\src\shader.h" />
    <ClInclude Include="..\..\src\rhi-internal.h" />
    <ClInclude Include="..\..\src\graphics.h" />
  </ItemGroup>
  <ItemGroup>
    <Filter Include="glad">
      <UniqueIdentifier>{d5939173-98cf-4fb1-bfc9-155b8bc13f93}</UniqueIdentifier>
    </Filter>
  </ItemGroup>
</Project>