<?xml version="1.0" encoding="utf-8"?>
<Project ToolsVersion="4.0" xmlns="http://schemas.microsoft.com/developer/msbuild/2003">
  <ItemGroup>
    <ClCompile Include="..\..\src\main.cpp" />
    <ClCompile Include="..\..\src\geometry.cpp" />
    <ClCompile Include="..\..\src\shader.cpp" />
    <ClCompile Include="..\..\dep\glad\src\glad.c">
      <Filter>glad</Filter>
    </ClCompile>
    <ClCompile Include="..\..\src\rhi\rhi-d3d11.cpp">
      <Filter>rhi</Filter>
    </ClCompile>
    <ClCompile Include="..\..\src\rhi\rhi-internal.cpp">
      <Filter>rhi</Filter>
    </ClCompile>
    <ClCompile Include="..\..\src\rhi\rhi-opengl.cpp">
      <Filter>rhi</Filter>
    </ClCompile>
    <ClCompile Include="..\..\src\rhi\rhi-vulkan.cpp">
      <Filter>rhi</Filter>
    </ClCompile>
    <ClCompile Include="..\..\src\core.cpp" />
    <ClCompile Include="..\..\src\graphics.cpp" />
    <ClCompile Include="..\..\src\pbr.cpp" />
  </ItemGroup>
  <ItemGroup>
    <ClInclude Include="..\..\src\geometry.h" />
    <ClInclude Include="..\..\src\rhi.h" />
    <ClInclude Include="..\..\src\shader.h" />
    <ClInclude Include="..\..\src\graphics.h" />
    <ClInclude Include="..\..\src\rhi\rhi-internal.h">
      <Filter>rhi</Filter>
    </ClInclude>
    <ClInclude Include="..\..\src\core.h" />
    <ClInclude Include="..\..\src\test.h" />
    <ClInclude Include="..\..\src\pbr.h" />
  </ItemGroup>
  <ItemGroup>
    <Filter Include="glad">
      <UniqueIdentifier>{d5939173-98cf-4fb1-bfc9-155b8bc13f93}</UniqueIdentifier>
    </Filter>
    <Filter Include="rhi">
      <UniqueIdentifier>{f8f04ceb-4a3a-4b67-a3b6-e03351c46ac7}</UniqueIdentifier>
    </Filter>
    <Filter Include="shaders">
      <UniqueIdentifier>{616698e6-7743-4953-8c2a-c3527aed0d7e}</UniqueIdentifier>
    </Filter>
  </ItemGroup>
  <ItemGroup>
    <None Include="..\..\src\rhi\rhi-format.inl">
      <Filter>rhi</Filter>
    </None>
    <None Include="..\..\assets\colored-unlit.frag">
      <Filter>shaders</Filter>
    </None>
    <None Include="..\..\assets\compute-brdf-integral-image.frag">
      <Filter>shaders</Filter>
    </None>
    <None Include="..\..\assets\compute-irradiance-cubemap.frag">
      <Filter>shaders</Filter>
    </None>
    <None Include="..\..\assets\compute-reflectance-cubemap.frag">
      <Filter>shaders</Filter>
    </None>
    <None Include="..\..\assets\copy-cubemap-from-spheremap.frag">
      <Filter>shaders</Filter>
    </None>
    <None Include="..\..\assets\pbr.glsl">
      <Filter>shaders</Filter>
    </None>
    <None Include="..\..\assets\preamble.glsl">
      <Filter>shaders</Filter>
    </None>
    <None Include="..\..\assets\render-cubemap.vert">
      <Filter>shaders</Filter>
    </None>
    <None Include="..\..\assets\render-image.vert">
      <Filter>shaders</Filter>
    </None>
    <None Include="..\..\assets\skybox.frag">
      <Filter>shaders</Filter>
    </None>
    <None Include="..\..\assets\skybox.vert">
      <Filter>shaders</Filter>
    </None>
    <None Include="..\..\assets\static-mesh.vert">
      <Filter>shaders</Filter>
    </None>
    <None Include="..\..\assets\textured-pbr.frag">
      <Filter>shaders</Filter>
    </None>
  </ItemGroup>
</Project>